
Microsoft Visual Studio Solution File, Format Version 12.00
# Visual Studio Version 17
VisualStudioVersion = 17.6.33723.286
MinimumVisualStudioVersion = 10.0.40219.1
Project("{FAE04EC0-301F-11D3-BF4B-00C04F79EFBC}") = "Roommates", "Roommates.csproj", "{A26EDE44-D102-40B1-AE13-C0FE5824AF0A}"
EndProject
Global
	GlobalSection(SolutionConfigurationPlatforms) = preSolution
		Debug|Any CPU = Debug|Any CPU
		Release|Any CPU = Release|Any CPU
	EndGlobalSection
	GlobalSection(ProjectConfigurationPlatforms) = postSolution
		{A26EDE44-D102-40B1-AE13-C0FE5824AF0A}.Debug|Any CPU.ActiveCfg = Debug|Any CPU
		{A26EDE44-D102-40B1-AE13-C0FE5824AF0A}.Debug|Any CPU.Build.0 = Debug|Any CPU
		{A26EDE44-D102-40B1-AE13-C0FE5824AF0A}.Release|Any CPU.ActiveCfg = Release|Any CPU
		{A26EDE44-D102-40B1-AE13-C0FE5824AF0A}.Release|Any CPU.Build.0 = Release|Any CPU
	EndGlobalSection
	GlobalSection(SolutionProperties) = preSolution
		HideSolutionNode = FALSE
	EndGlobalSection
	GlobalSection(ExtensibilityGlobals) = postSolution
		SolutionGuid = {644242F4-3810-4455-B1EA-2BA9DC90842C}
	EndGlobalSection
EndGlobal
